// !$*UTF8*$!
{
	archiveVersion = 1;
	classes = {
	};
	objectVersion = 56;
	objects = {

/* Begin PBXBuildFile section */
		BF6640682B977284005A90DB /* PressureInjuryTrackerApp.swift in Sources */ = {isa = PBXBuildFile; fileRef = BF6640672B977284005A90DB /* PressureInjuryTrackerApp.swift */; };
		BF66406A2B977284005A90DB /* BarcodeScanView.swift in Sources */ = {isa = PBXBuildFile; fileRef = BF6640692B977284005A90DB /* BarcodeScanView.swift */; };
		BF66406C2B977285005A90DB /* Assets.xcassets in Resources */ = {isa = PBXBuildFile; fileRef = BF66406B2B977285005A90DB /* Assets.xcassets */; };
		BF6640702B977285005A90DB /* Preview Assets.xcassets in Resources */ = {isa = PBXBuildFile; fileRef = BF66406F2B977285005A90DB /* Preview Assets.xcassets */; };
		BF6640772B977342005A90DB /* NewInjuryView.swift in Sources */ = {isa = PBXBuildFile; fileRef = BF6640762B977342005A90DB /* NewInjuryView.swift */; };
		BF6640792B9776B8005A90DB /* StartView.swift in Sources */ = {isa = PBXBuildFile; fileRef = BF6640782B9776B8005A90DB /* StartView.swift */; };
		BF66407B2B977754005A90DB /* NewInjuryViewModel.swift in Sources */ = {isa = PBXBuildFile; fileRef = BF66407A2B977754005A90DB /* NewInjuryViewModel.swift */; };
		BF66407E2B977BA8005A90DB /* StartViewModel.swift in Sources */ = {isa = PBXBuildFile; fileRef = BF66407D2B977BA8005A90DB /* StartViewModel.swift */; };
		BF6640862B979FBC005A90DB /* Patient.swift in Sources */ = {isa = PBXBuildFile; fileRef = BF6640852B979FBC005A90DB /* Patient.swift */; };
		BF6640892B97AE56005A90DB /* PatientView.swift in Sources */ = {isa = PBXBuildFile; fileRef = BF6640882B97AE56005A90DB /* PatientView.swift */; };
		BF66408B2B97B1D3005A90DB /* PatientViewModel.swift in Sources */ = {isa = PBXBuildFile; fileRef = BF66408A2B97B1D3005A90DB /* PatientViewModel.swift */; };
		BF76823D2BBBE9820020742A /* CameraView.swift in Sources */ = {isa = PBXBuildFile; fileRef = BF76823C2BBBE9820020742A /* CameraView.swift */; };
		BFC52ED52BA74EC6000D7782 /* InjuryRowView.swift in Sources */ = {isa = PBXBuildFile; fileRef = BFC52ED42BA74EC6000D7782 /* InjuryRowView.swift */; };
		BFC52ED82BA74F23000D7782 /* InjuryRowViewModel.swift in Sources */ = {isa = PBXBuildFile; fileRef = BFC52ED72BA74F23000D7782 /* InjuryRowViewModel.swift */; };
		BFC52EDA2BA74F9A000D7782 /* Injury.swift in Sources */ = {isa = PBXBuildFile; fileRef = BFC52ED92BA74F9A000D7782 /* Injury.swift */; };
		BFC52EDF2BA75107000D7782 /* ButtonDS.swift in Sources */ = {isa = PBXBuildFile; fileRef = BFC52EDB2BA75107000D7782 /* ButtonDS.swift */; };
		BFC52EE02BA75107000D7782 /* Radius.swift in Sources */ = {isa = PBXBuildFile; fileRef = BFC52EDC2BA75107000D7782 /* Radius.swift */; };
		BFC52EE12BA75107000D7782 /* Spacing.swift in Sources */ = {isa = PBXBuildFile; fileRef = BFC52EDD2BA75107000D7782 /* Spacing.swift */; };
		BFC52EE42BA752A5000D7782 /* InjuryListViewModel.swift in Sources */ = {isa = PBXBuildFile; fileRef = BFC52EE32BA752A5000D7782 /* InjuryListViewModel.swift */; };
		BFC52EE62BA752B5000D7782 /* InjuryListView.swift in Sources */ = {isa = PBXBuildFile; fileRef = BFC52EE52BA752B5000D7782 /* InjuryListView.swift */; };
		BFC52EE92BA75367000D7782 /* LoadingView.swift in Sources */ = {isa = PBXBuildFile; fileRef = BFC52EE82BA75367000D7782 /* LoadingView.swift */; };
		BFFA97DA2BBC5887009ED83B /* MainView.swift in Sources */ = {isa = PBXBuildFile; fileRef = BFFA97D92BBC5887009ED83B /* MainView.swift */; };
		BFFA97DC2BBC58B7009ED83B /* MainViewModel.swift in Sources */ = {isa = PBXBuildFile; fileRef = BFFA97DB2BBC58B7009ED83B /* MainViewModel.swift */; };
/* End PBXBuildFile section */

/* Begin PBXFileReference section */
		BF6640642B977284005A90DB /* PressureInjuryTracker.app */ = {isa = PBXFileReference; explicitFileType = wrapper.application; includeInIndex = 0; path = PressureInjuryTracker.app; sourceTree = BUILT_PRODUCTS_DIR; };
		BF6640672B977284005A90DB /* PressureInjuryTrackerApp.swift */ = {isa = PBXFileReference; lastKnownFileType = sourcecode.swift; path = PressureInjuryTrackerApp.swift; sourceTree = "<group>"; };
		BF6640692B977284005A90DB /* BarcodeScanView.swift */ = {isa = PBXFileReference; lastKnownFileType = sourcecode.swift; path = BarcodeScanView.swift; sourceTree = "<group>"; };
		BF66406B2B977285005A90DB /* Assets.xcassets */ = {isa = PBXFileReference; lastKnownFileType = folder.assetcatalog; path = Assets.xcassets; sourceTree = "<group>"; };
		BF66406D2B977285005A90DB /* PressureInjuryTracker.entitlements */ = {isa = PBXFileReference; lastKnownFileType = text.plist.entitlements; path = PressureInjuryTracker.entitlements; sourceTree = "<group>"; };
		BF66406F2B977285005A90DB /* Preview Assets.xcassets */ = {isa = PBXFileReference; lastKnownFileType = folder.assetcatalog; path = "Preview Assets.xcassets"; sourceTree = "<group>"; };
		BF6640762B977342005A90DB /* NewInjuryView.swift */ = {isa = PBXFileReference; lastKnownFileType = sourcecode.swift; path = NewInjuryView.swift; sourceTree = "<group>"; };
		BF6640782B9776B8005A90DB /* StartView.swift */ = {isa = PBXFileReference; lastKnownFileType = sourcecode.swift; path = StartView.swift; sourceTree = "<group>"; };
		BF66407A2B977754005A90DB /* NewInjuryViewModel.swift */ = {isa = PBXFileReference; lastKnownFileType = sourcecode.swift; path = NewInjuryViewModel.swift; sourceTree = "<group>"; };
		BF66407D2B977BA8005A90DB /* StartViewModel.swift */ = {isa = PBXFileReference; lastKnownFileType = sourcecode.swift; path = StartViewModel.swift; sourceTree = "<group>"; };
		BF6640852B979FBC005A90DB /* Patient.swift */ = {isa = PBXFileReference; lastKnownFileType = sourcecode.swift; path = Patient.swift; sourceTree = "<group>"; };
		BF6640882B97AE56005A90DB /* PatientView.swift */ = {isa = PBXFileReference; lastKnownFileType = sourcecode.swift; path = PatientView.swift; sourceTree = "<group>"; };
		BF66408A2B97B1D3005A90DB /* PatientViewModel.swift */ = {isa = PBXFileReference; lastKnownFileType = sourcecode.swift; path = PatientViewModel.swift; sourceTree = "<group>"; };
		BF76823C2BBBE9820020742A /* CameraView.swift */ = {isa = PBXFileReference; lastKnownFileType = sourcecode.swift; path = CameraView.swift; sourceTree = "<group>"; };
		BFC52ED22BA734B6000D7782 /* Info.plist */ = {isa = PBXFileReference; lastKnownFileType = text.plist; path = Info.plist; sourceTree = "<group>"; };
		BFC52ED42BA74EC6000D7782 /* InjuryRowView.swift */ = {isa = PBXFileReference; lastKnownFileType = sourcecode.swift; path = InjuryRowView.swift; sourceTree = "<group>"; };
		BFC52ED72BA74F23000D7782 /* InjuryRowViewModel.swift */ = {isa = PBXFileReference; lastKnownFileType = sourcecode.swift; path = InjuryRowViewModel.swift; sourceTree = "<group>"; };
		BFC52ED92BA74F9A000D7782 /* Injury.swift */ = {isa = PBXFileReference; lastKnownFileType = sourcecode.swift; path = Injury.swift; sourceTree = "<group>"; };
		BFC52EDB2BA75107000D7782 /* ButtonDS.swift */ = {isa = PBXFileReference; fileEncoding = 4; lastKnownFileType = sourcecode.swift; path = ButtonDS.swift; sourceTree = "<group>"; };
		BFC52EDC2BA75107000D7782 /* Radius.swift */ = {isa = PBXFileReference; fileEncoding = 4; lastKnownFileType = sourcecode.swift; path = Radius.swift; sourceTree = "<group>"; };
		BFC52EDD2BA75107000D7782 /* Spacing.swift */ = {isa = PBXFileReference; fileEncoding = 4; lastKnownFileType = sourcecode.swift; path = Spacing.swift; sourceTree = "<group>"; };
		BFC52EE32BA752A5000D7782 /* InjuryListViewModel.swift */ = {isa = PBXFileReference; lastKnownFileType = sourcecode.swift; path = InjuryListViewModel.swift; sourceTree = "<group>"; };
		BFC52EE52BA752B5000D7782 /* InjuryListView.swift */ = {isa = PBXFileReference; lastKnownFileType = sourcecode.swift; path = InjuryListView.swift; sourceTree = "<group>"; };
		BFC52EE82BA75367000D7782 /* LoadingView.swift */ = {isa = PBXFileReference; lastKnownFileType = sourcecode.swift; path = LoadingView.swift; sourceTree = "<group>"; };
		BFFA97D92BBC5887009ED83B /* MainView.swift */ = {isa = PBXFileReference; lastKnownFileType = sourcecode.swift; path = MainView.swift; sourceTree = "<group>"; };
		BFFA97DB2BBC58B7009ED83B /* MainViewModel.swift */ = {isa = PBXFileReference; lastKnownFileType = sourcecode.swift; path = MainViewModel.swift; sourceTree = "<group>"; };
/* End PBXFileReference section */

/* Begin PBXFrameworksBuildPhase section */
		BF6640612B977284005A90DB /* Frameworks */ = {
			isa = PBXFrameworksBuildPhase;
			buildActionMask = 2147483647;
			files = (
			);
			runOnlyForDeploymentPostprocessing = 0;
		};
/* End PBXFrameworksBuildPhase section */

/* Begin PBXGroup section */
		BF66405B2B977284005A90DB = {
			isa = PBXGroup;
			children = (
				BF6640662B977284005A90DB /* PressureInjuryTracker */,
				BF6640652B977284005A90DB /* Products */,
			);
			sourceTree = "<group>";
		};
		BF6640652B977284005A90DB /* Products */ = {
			isa = PBXGroup;
			children = (
				BF6640642B977284005A90DB /* PressureInjuryTracker.app */,
			);
			name = Products;
			sourceTree = "<group>";
		};
		BF6640662B977284005A90DB /* PressureInjuryTracker */ = {
			isa = PBXGroup;
			children = (
				BFC52ED22BA734B6000D7782 /* Info.plist */,
				BF6640672B977284005A90DB /* PressureInjuryTrackerApp.swift */,
				BFC52EDE2BA75107000D7782 /* DesignSystem */,
				BF6640842B979F9B005A90DB /* Model */,
				BF6640832B979F3F005A90DB /* View */,
				BF66406B2B977285005A90DB /* Assets.xcassets */,
				BF66406D2B977285005A90DB /* PressureInjuryTracker.entitlements */,
				BF66406E2B977285005A90DB /* Preview Content */,
			);
			path = PressureInjuryTracker;
			sourceTree = "<group>";
		};
		BF66406E2B977285005A90DB /* Preview Content */ = {
			isa = PBXGroup;
			children = (
				BF66406F2B977285005A90DB /* Preview Assets.xcassets */,
			);
			path = "Preview Content";
			sourceTree = "<group>";
		};
		BF66407C2B977979005A90DB /* Start */ = {
			isa = PBXGroup;
			children = (
				BF6640782B9776B8005A90DB /* StartView.swift */,
				BF66407D2B977BA8005A90DB /* StartViewModel.swift */,
			);
			path = Start;
			sourceTree = "<group>";
		};
		BF66407F2B977C16005A90DB /* NewInjury */ = {
			isa = PBXGroup;
			children = (
				BF6640762B977342005A90DB /* NewInjuryView.swift */,
				BF66407A2B977754005A90DB /* NewInjuryViewModel.swift */,
			);
			path = NewInjury;
			sourceTree = "<group>";
		};
		BF6640802B977C44005A90DB /* BarcodeScan */ = {
			isa = PBXGroup;
			children = (
				BF6640692B977284005A90DB /* BarcodeScanView.swift */,
			);
			path = BarcodeScan;
			sourceTree = "<group>";
		};
		BF6640832B979F3F005A90DB /* View */ = {
			isa = PBXGroup;
			children = (
				BFC52EE72BA75332000D7782 /* UtilView */,
				BF6640872B97AE29005A90DB /* Patient */,
				BF66407C2B977979005A90DB /* Start */,
				BF6640802B977C44005A90DB /* BarcodeScan */,
				BFC52ED32BA74E9F000D7782 /* InjuryRow */,
				BFC52EE22BA7528C000D7782 /* InjuryList */,
				BF66407F2B977C16005A90DB /* NewInjury */,
				BF76823B2BBBE9640020742A /* Camera */,
				BFFA97D82BBC5869009ED83B /* Main */,
			);
			path = View;
			sourceTree = "<group>";
		};
		BF6640842B979F9B005A90DB /* Model */ = {
			isa = PBXGroup;
			children = (
				BF6640852B979FBC005A90DB /* Patient.swift */,
				BFC52ED92BA74F9A000D7782 /* Injury.swift */,
			);
			path = Model;
			sourceTree = "<group>";
		};
		BF6640872B97AE29005A90DB /* Patient */ = {
			isa = PBXGroup;
			children = (
				BF6640882B97AE56005A90DB /* PatientView.swift */,
				BF66408A2B97B1D3005A90DB /* PatientViewModel.swift */,
			);
			path = Patient;
			sourceTree = "<group>";
		};
		BF76823B2BBBE9640020742A /* Camera */ = {
			isa = PBXGroup;
			children = (
				BF76823C2BBBE9820020742A /* CameraView.swift */,
			);
			path = Camera;
			sourceTree = "<group>";
		};
		BFC52ED32BA74E9F000D7782 /* InjuryRow */ = {
			isa = PBXGroup;
			children = (
				BFC52ED42BA74EC6000D7782 /* InjuryRowView.swift */,
				BFC52ED72BA74F23000D7782 /* InjuryRowViewModel.swift */,
			);
			path = InjuryRow;
			sourceTree = "<group>";
		};
		BFC52EDE2BA75107000D7782 /* DesignSystem */ = {
			isa = PBXGroup;
			children = (
				BFC52EDB2BA75107000D7782 /* ButtonDS.swift */,
				BFC52EDC2BA75107000D7782 /* Radius.swift */,
				BFC52EDD2BA75107000D7782 /* Spacing.swift */,
			);
			path = DesignSystem;
			sourceTree = "<group>";
		};
		BFC52EE22BA7528C000D7782 /* InjuryList */ = {
			isa = PBXGroup;
			children = (
				BFC52EE52BA752B5000D7782 /* InjuryListView.swift */,
				BFC52EE32BA752A5000D7782 /* InjuryListViewModel.swift */,
			);
			path = InjuryList;
			sourceTree = "<group>";
		};
		BFC52EE72BA75332000D7782 /* UtilView */ = {
			isa = PBXGroup;
			children = (
				BFC52EE82BA75367000D7782 /* LoadingView.swift */,
			);
			path = UtilView;
			sourceTree = "<group>";
		};
		BFFA97D82BBC5869009ED83B /* Main */ = {
			isa = PBXGroup;
			children = (
				BFFA97D92BBC5887009ED83B /* MainView.swift */,
				BFFA97DB2BBC58B7009ED83B /* MainViewModel.swift */,
			);
			path = Main;
			sourceTree = "<group>";
		};
/* End PBXGroup section */

/* Begin PBXNativeTarget section */
		BF6640632B977284005A90DB /* PressureInjuryTracker */ = {
			isa = PBXNativeTarget;
			buildConfigurationList = BF6640732B977285005A90DB /* Build configuration list for PBXNativeTarget "PressureInjuryTracker" */;
			buildPhases = (
				BF6640602B977284005A90DB /* Sources */,
				BF6640612B977284005A90DB /* Frameworks */,
				BF6640622B977284005A90DB /* Resources */,
			);
			buildRules = (
			);
			dependencies = (
			);
			name = PressureInjuryTracker;
			productName = PressureInjuryTracker;
			productReference = BF6640642B977284005A90DB /* PressureInjuryTracker.app */;
			productType = "com.apple.product-type.application";
		};
/* End PBXNativeTarget section */

/* Begin PBXProject section */
		BF66405C2B977284005A90DB /* Project object */ = {
			isa = PBXProject;
			attributes = {
				BuildIndependentTargetsInParallel = 1;
				LastSwiftUpdateCheck = 1520;
				LastUpgradeCheck = 1520;
				TargetAttributes = {
					BF6640632B977284005A90DB = {
						CreatedOnToolsVersion = 15.2;
					};
				};
			};
			buildConfigurationList = BF66405F2B977284005A90DB /* Build configuration list for PBXProject "PressureInjuryTracker" */;
			compatibilityVersion = "Xcode 14.0";
			developmentRegion = en;
			hasScannedForEncodings = 0;
			knownRegions = (
				en,
				Base,
			);
			mainGroup = BF66405B2B977284005A90DB;
			productRefGroup = BF6640652B977284005A90DB /* Products */;
			projectDirPath = "";
			projectRoot = "";
			targets = (
				BF6640632B977284005A90DB /* PressureInjuryTracker */,
			);
		};
/* End PBXProject section */

/* Begin PBXResourcesBuildPhase section */
		BF6640622B977284005A90DB /* Resources */ = {
			isa = PBXResourcesBuildPhase;
			buildActionMask = 2147483647;
			files = (
				BF6640702B977285005A90DB /* Preview Assets.xcassets in Resources */,
				BF66406C2B977285005A90DB /* Assets.xcassets in Resources */,
			);
			runOnlyForDeploymentPostprocessing = 0;
		};
/* End PBXResourcesBuildPhase section */

/* Begin PBXSourcesBuildPhase section */
		BF6640602B977284005A90DB /* Sources */ = {
			isa = PBXSourcesBuildPhase;
			buildActionMask = 2147483647;
			files = (
				BFC52EDA2BA74F9A000D7782 /* Injury.swift in Sources */,
				BF6640892B97AE56005A90DB /* PatientView.swift in Sources */,
				BFC52EE12BA75107000D7782 /* Spacing.swift in Sources */,
				BF6640772B977342005A90DB /* NewInjuryView.swift in Sources */,
				BFC52ED82BA74F23000D7782 /* InjuryRowViewModel.swift in Sources */,
				BFC52ED52BA74EC6000D7782 /* InjuryRowView.swift in Sources */,
				BFC52EDF2BA75107000D7782 /* ButtonDS.swift in Sources */,
				BF66407E2B977BA8005A90DB /* StartViewModel.swift in Sources */,
				BF66407B2B977754005A90DB /* NewInjuryViewModel.swift in Sources */,
				BF66408B2B97B1D3005A90DB /* PatientViewModel.swift in Sources */,
				BFC52EE62BA752B5000D7782 /* InjuryListView.swift in Sources */,
				BF66406A2B977284005A90DB /* BarcodeScanView.swift in Sources */,
				BF6640862B979FBC005A90DB /* Patient.swift in Sources */,
				BFFA97DA2BBC5887009ED83B /* MainView.swift in Sources */,
				BFFA97DC2BBC58B7009ED83B /* MainViewModel.swift in Sources */,
				BF76823D2BBBE9820020742A /* CameraView.swift in Sources */,
				BFC52EE02BA75107000D7782 /* Radius.swift in Sources */,
				BFC52EE42BA752A5000D7782 /* InjuryListViewModel.swift in Sources */,
				BF6640682B977284005A90DB /* PressureInjuryTrackerApp.swift in Sources */,
				BF6640792B9776B8005A90DB /* StartView.swift in Sources */,
				BFC52EE92BA75367000D7782 /* LoadingView.swift in Sources */,
			);
			runOnlyForDeploymentPostprocessing = 0;
		};
/* End PBXSourcesBuildPhase section */

/* Begin XCBuildConfiguration section */
		BF6640712B977285005A90DB /* Debug */ = {
			isa = XCBuildConfiguration;
			buildSettings = {
				ALWAYS_SEARCH_USER_PATHS = NO;
				ASSETCATALOG_COMPILER_GENERATE_SWIFT_ASSET_SYMBOL_EXTENSIONS = YES;
				CLANG_ANALYZER_NONNULL = YES;
				CLANG_ANALYZER_NUMBER_OBJECT_CONVERSION = YES_AGGRESSIVE;
				CLANG_CXX_LANGUAGE_STANDARD = "gnu++20";
				CLANG_ENABLE_MODULES = YES;
				CLANG_ENABLE_OBJC_ARC = YES;
				CLANG_ENABLE_OBJC_WEAK = YES;
				CLANG_WARN_BLOCK_CAPTURE_AUTORELEASING = YES;
				CLANG_WARN_BOOL_CONVERSION = YES;
				CLANG_WARN_COMMA = YES;
				CLANG_WARN_CONSTANT_CONVERSION = YES;
				CLANG_WARN_DEPRECATED_OBJC_IMPLEMENTATIONS = YES;
				CLANG_WARN_DIRECT_OBJC_ISA_USAGE = YES_ERROR;
				CLANG_WARN_DOCUMENTATION_COMMENTS = YES;
				CLANG_WARN_EMPTY_BODY = YES;
				CLANG_WARN_ENUM_CONVERSION = YES;
				CLANG_WARN_INFINITE_RECURSION = YES;
				CLANG_WARN_INT_CONVERSION = YES;
				CLANG_WARN_NON_LITERAL_NULL_CONVERSION = YES;
				CLANG_WARN_OBJC_IMPLICIT_RETAIN_SELF = YES;
				CLANG_WARN_OBJC_LITERAL_CONVERSION = YES;
				CLANG_WARN_OBJC_ROOT_CLASS = YES_ERROR;
				CLANG_WARN_QUOTED_INCLUDE_IN_FRAMEWORK_HEADER = YES;
				CLANG_WARN_RANGE_LOOP_ANALYSIS = YES;
				CLANG_WARN_STRICT_PROTOTYPES = YES;
				CLANG_WARN_SUSPICIOUS_MOVE = YES;
				CLANG_WARN_UNGUARDED_AVAILABILITY = YES_AGGRESSIVE;
				CLANG_WARN_UNREACHABLE_CODE = YES;
				CLANG_WARN__DUPLICATE_METHOD_MATCH = YES;
				COPY_PHASE_STRIP = NO;
				DEBUG_INFORMATION_FORMAT = dwarf;
				ENABLE_STRICT_OBJC_MSGSEND = YES;
				ENABLE_TESTABILITY = YES;
				ENABLE_USER_SCRIPT_SANDBOXING = YES;
				GCC_C_LANGUAGE_STANDARD = gnu17;
				GCC_DYNAMIC_NO_PIC = NO;
				GCC_NO_COMMON_BLOCKS = YES;
				GCC_OPTIMIZATION_LEVEL = 0;
				GCC_PREPROCESSOR_DEFINITIONS = (
					"DEBUG=1",
					"$(inherited)",
				);
				GCC_WARN_64_TO_32_BIT_CONVERSION = YES;
				GCC_WARN_ABOUT_RETURN_TYPE = YES_ERROR;
				GCC_WARN_UNDECLARED_SELECTOR = YES;
				GCC_WARN_UNINITIALIZED_AUTOS = YES_AGGRESSIVE;
				GCC_WARN_UNUSED_FUNCTION = YES;
				GCC_WARN_UNUSED_VARIABLE = YES;
				LOCALIZATION_PREFERS_STRING_CATALOGS = YES;
				MTL_ENABLE_DEBUG_INFO = INCLUDE_SOURCE;
				MTL_FAST_MATH = YES;
				ONLY_ACTIVE_ARCH = YES;
				SWIFT_ACTIVE_COMPILATION_CONDITIONS = "DEBUG $(inherited)";
				SWIFT_OPTIMIZATION_LEVEL = "-Onone";
			};
			name = Debug;
		};
		BF6640722B977285005A90DB /* Release */ = {
			isa = XCBuildConfiguration;
			buildSettings = {
				ALWAYS_SEARCH_USER_PATHS = NO;
				ASSETCATALOG_COMPILER_GENERATE_SWIFT_ASSET_SYMBOL_EXTENSIONS = YES;
				CLANG_ANALYZER_NONNULL = YES;
				CLANG_ANALYZER_NUMBER_OBJECT_CONVERSION = YES_AGGRESSIVE;
				CLANG_CXX_LANGUAGE_STANDARD = "gnu++20";
				CLANG_ENABLE_MODULES = YES;
				CLANG_ENABLE_OBJC_ARC = YES;
				CLANG_ENABLE_OBJC_WEAK = YES;
				CLANG_WARN_BLOCK_CAPTURE_AUTORELEASING = YES;
				CLANG_WARN_BOOL_CONVERSION = YES;
				CLANG_WARN_COMMA = YES;
				CLANG_WARN_CONSTANT_CONVERSION = YES;
				CLANG_WARN_DEPRECATED_OBJC_IMPLEMENTATIONS = YES;
				CLANG_WARN_DIRECT_OBJC_ISA_USAGE = YES_ERROR;
				CLANG_WARN_DOCUMENTATION_COMMENTS = YES;
				CLANG_WARN_EMPTY_BODY = YES;
				CLANG_WARN_ENUM_CONVERSION = YES;
				CLANG_WARN_INFINITE_RECURSION = YES;
				CLANG_WARN_INT_CONVERSION = YES;
				CLANG_WARN_NON_LITERAL_NULL_CONVERSION = YES;
				CLANG_WARN_OBJC_IMPLICIT_RETAIN_SELF = YES;
				CLANG_WARN_OBJC_LITERAL_CONVERSION = YES;
				CLANG_WARN_OBJC_ROOT_CLASS = YES_ERROR;
				CLANG_WARN_QUOTED_INCLUDE_IN_FRAMEWORK_HEADER = YES;
				CLANG_WARN_RANGE_LOOP_ANALYSIS = YES;
				CLANG_WARN_STRICT_PROTOTYPES = YES;
				CLANG_WARN_SUSPICIOUS_MOVE = YES;
				CLANG_WARN_UNGUARDED_AVAILABILITY = YES_AGGRESSIVE;
				CLANG_WARN_UNREACHABLE_CODE = YES;
				CLANG_WARN__DUPLICATE_METHOD_MATCH = YES;
				COPY_PHASE_STRIP = NO;
				DEBUG_INFORMATION_FORMAT = "dwarf-with-dsym";
				ENABLE_NS_ASSERTIONS = NO;
				ENABLE_STRICT_OBJC_MSGSEND = YES;
				ENABLE_USER_SCRIPT_SANDBOXING = YES;
				GCC_C_LANGUAGE_STANDARD = gnu17;
				GCC_NO_COMMON_BLOCKS = YES;
				GCC_WARN_64_TO_32_BIT_CONVERSION = YES;
				GCC_WARN_ABOUT_RETURN_TYPE = YES_ERROR;
				GCC_WARN_UNDECLARED_SELECTOR = YES;
				GCC_WARN_UNINITIALIZED_AUTOS = YES_AGGRESSIVE;
				GCC_WARN_UNUSED_FUNCTION = YES;
				GCC_WARN_UNUSED_VARIABLE = YES;
				LOCALIZATION_PREFERS_STRING_CATALOGS = YES;
				MTL_ENABLE_DEBUG_INFO = NO;
				MTL_FAST_MATH = YES;
				SWIFT_COMPILATION_MODE = wholemodule;
			};
			name = Release;
		};
		BF6640742B977285005A90DB /* Debug */ = {
			isa = XCBuildConfiguration;
			buildSettings = {
				ASSETCATALOG_COMPILER_APPICON_NAME = AppIcon;
				ASSETCATALOG_COMPILER_GLOBAL_ACCENT_COLOR_NAME = AccentColor;
				CODE_SIGN_ENTITLEMENTS = PressureInjuryTracker/PressureInjuryTracker.entitlements;
				CODE_SIGN_STYLE = Automatic;
				CURRENT_PROJECT_VERSION = 1;
				DEVELOPMENT_ASSET_PATHS = "\"PressureInjuryTracker/Preview Content\"";
				DEVELOPMENT_TEAM = M6Q3PF4L84;
				ENABLE_PREVIEWS = YES;
				GENERATE_INFOPLIST_FILE = YES;
				INFOPLIST_FILE = PressureInjuryTracker/Info.plist;
				INFOPLIST_KEY_NSCameraUsageDescription = "Kamera erişimine izin veriniz.";
				"INFOPLIST_KEY_UIApplicationSceneManifest_Generation[sdk=iphoneos*]" = YES;
				"INFOPLIST_KEY_UIApplicationSceneManifest_Generation[sdk=iphonesimulator*]" = YES;
				"INFOPLIST_KEY_UIApplicationSupportsIndirectInputEvents[sdk=iphoneos*]" = YES;
				"INFOPLIST_KEY_UIApplicationSupportsIndirectInputEvents[sdk=iphonesimulator*]" = YES;
				"INFOPLIST_KEY_UILaunchScreen_Generation[sdk=iphoneos*]" = YES;
				"INFOPLIST_KEY_UILaunchScreen_Generation[sdk=iphonesimulator*]" = YES;
				"INFOPLIST_KEY_UIStatusBarStyle[sdk=iphoneos*]" = UIStatusBarStyleDefault;
				"INFOPLIST_KEY_UIStatusBarStyle[sdk=iphonesimulator*]" = UIStatusBarStyleDefault;
				INFOPLIST_KEY_UISupportedInterfaceOrientations_iPad = "UIInterfaceOrientationPortrait UIInterfaceOrientationPortraitUpsideDown UIInterfaceOrientationLandscapeLeft UIInterfaceOrientationLandscapeRight";
				INFOPLIST_KEY_UISupportedInterfaceOrientations_iPhone = "UIInterfaceOrientationPortrait UIInterfaceOrientationLandscapeLeft UIInterfaceOrientationLandscapeRight";
				IPHONEOS_DEPLOYMENT_TARGET = 17.2;
				LD_RUNPATH_SEARCH_PATHS = "@executable_path/Frameworks";
				"LD_RUNPATH_SEARCH_PATHS[sdk=macosx*]" = "@executable_path/../Frameworks";
				MACOSX_DEPLOYMENT_TARGET = 14.2;
				MARKETING_VERSION = 1.0;
				PRODUCT_BUNDLE_IDENTIFIER = bakcaci.ahmet.PressureInjuryTracker2;
				PRODUCT_NAME = "$(TARGET_NAME)";
				SDKROOT = auto;
				SUPPORTED_PLATFORMS = "iphoneos iphonesimulator macosx";
				SWIFT_EMIT_LOC_STRINGS = YES;
				SWIFT_VERSION = 5.0;
				TARGETED_DEVICE_FAMILY = "1,2";
			};
			name = Debug;
		};
		BF6640752B977285005A90DB /* Release */ = {
			isa = XCBuildConfiguration;
			buildSettings = {
				ASSETCATALOG_COMPILER_APPICON_NAME = AppIcon;
				ASSETCATALOG_COMPILER_GLOBAL_ACCENT_COLOR_NAME = AccentColor;
				CODE_SIGN_ENTITLEMENTS = PressureInjuryTracker/PressureInjuryTracker.entitlements;
				CODE_SIGN_STYLE = Automatic;
				CURRENT_PROJECT_VERSION = 1;
				DEVELOPMENT_ASSET_PATHS = "\"PressureInjuryTracker/Preview Content\"";
				DEVELOPMENT_TEAM = M6Q3PF4L84;
				ENABLE_PREVIEWS = YES;
				GENERATE_INFOPLIST_FILE = YES;
				INFOPLIST_FILE = PressureInjuryTracker/Info.plist;
				INFOPLIST_KEY_NSCameraUsageDescription = "Kamera erişimine izin veriniz.";
				"INFOPLIST_KEY_UIApplicationSceneManifest_Generation[sdk=iphoneos*]" = YES;
				"INFOPLIST_KEY_UIApplicationSceneManifest_Generation[sdk=iphonesimulator*]" = YES;
				"INFOPLIST_KEY_UIApplicationSupportsIndirectInputEvents[sdk=iphoneos*]" = YES;
				"INFOPLIST_KEY_UIApplicationSupportsIndirectInputEvents[sdk=iphonesimulator*]" = YES;
				"INFOPLIST_KEY_UILaunchScreen_Generation[sdk=iphoneos*]" = YES;
				"INFOPLIST_KEY_UILaunchScreen_Generation[sdk=iphonesimulator*]" = YES;
				"INFOPLIST_KEY_UIStatusBarStyle[sdk=iphoneos*]" = UIStatusBarStyleDefault;
				"INFOPLIST_KEY_UIStatusBarStyle[sdk=iphonesimulator*]" = UIStatusBarStyleDefault;
				INFOPLIST_KEY_UISupportedInterfaceOrientations_iPad = "UIInterfaceOrientationPortrait UIInterfaceOrientationPortraitUpsideDown UIInterfaceOrientationLandscapeLeft UIInterfaceOrientationLandscapeRight";
				INFOPLIST_KEY_UISupportedInterfaceOrientations_iPhone = "UIInterfaceOrientationPortrait UIInterfaceOrientationLandscapeLeft UIInterfaceOrientationLandscapeRight";
				IPHONEOS_DEPLOYMENT_TARGET = 17.2;
				LD_RUNPATH_SEARCH_PATHS = "@executable_path/Frameworks";
				"LD_RUNPATH_SEARCH_PATHS[sdk=macosx*]" = "@executable_path/../Frameworks";
				MACOSX_DEPLOYMENT_TARGET = 14.2;
				MARKETING_VERSION = 1.0;
				PRODUCT_BUNDLE_IDENTIFIER = bakcaci.ahmet.PressureInjuryTracker2;
				PRODUCT_NAME = "$(TARGET_NAME)";
				SDKROOT = auto;
				SUPPORTED_PLATFORMS = "iphoneos iphonesimulator macosx";
				SWIFT_EMIT_LOC_STRINGS = YES;
				SWIFT_VERSION = 5.0;
				TARGETED_DEVICE_FAMILY = "1,2";
			};
			name = Release;
		};
/* End XCBuildConfiguration section */

/* Begin XCConfigurationList section */
		BF66405F2B977284005A90DB /* Build configuration list for PBXProject "PressureInjuryTracker" */ = {
			isa = XCConfigurationList;
			buildConfigurations = (
				BF6640712B977285005A90DB /* Debug */,
				BF6640722B977285005A90DB /* Release */,
			);
			defaultConfigurationIsVisible = 0;
			defaultConfigurationName = Release;
		};
		BF6640732B977285005A90DB /* Build configuration list for PBXNativeTarget "PressureInjuryTracker" */ = {
			isa = XCConfigurationList;
			buildConfigurations = (
				BF6640742B977285005A90DB /* Debug */,
				BF6640752B977285005A90DB /* Release */,
			);
			defaultConfigurationIsVisible = 0;
			defaultConfigurationName = Release;
		};
/* End XCConfigurationList section */
	};
	rootObject = BF66405C2B977284005A90DB /* Project object */;
}
