// !$*UTF8*$!
{
	archiveVersion = 1;
	classes = {
	};
	objectVersion = 56;
	objects = {

/* Begin PBXBuildFile section */
		BF40305F2BE19B92005449FF /* MeasureView.swift in Sources */ = {isa = PBXBuildFile; fileRef = BF40305E2BE19B92005449FF /* MeasureView.swift */; };
		BF4EE7852BDD8F2000E721D5 /* InjuryPhaseDetailView.swift in Sources */ = {isa = PBXBuildFile; fileRef = BF4EE7842BDD8F2000E721D5 /* InjuryPhaseDetailView.swift */; };
		BF4EE7872BDD8F7F00E721D5 /* InjuryPhaseDetailViewModel.swift in Sources */ = {isa = PBXBuildFile; fileRef = BF4EE7862BDD8F7F00E721D5 /* InjuryPhaseDetailViewModel.swift */; };
		BF4EE78A2BDD917100E721D5 /* AnnotatedImageView.swift in Sources */ = {isa = PBXBuildFile; fileRef = BF4EE7892BDD917100E721D5 /* AnnotatedImageView.swift */; };
		BF6640682B977284005A90DB /* PressureInjuryTrackerApp.swift in Sources */ = {isa = PBXBuildFile; fileRef = BF6640672B977284005A90DB /* PressureInjuryTrackerApp.swift */; };
		BF66406A2B977284005A90DB /* BarcodeScanView.swift in Sources */ = {isa = PBXBuildFile; fileRef = BF6640692B977284005A90DB /* BarcodeScanView.swift */; };
		BF66406C2B977285005A90DB /* Assets.xcassets in Resources */ = {isa = PBXBuildFile; fileRef = BF66406B2B977285005A90DB /* Assets.xcassets */; };
		BF6640702B977285005A90DB /* Preview Assets.xcassets in Resources */ = {isa = PBXBuildFile; fileRef = BF66406F2B977285005A90DB /* Preview Assets.xcassets */; };
		BF6640772B977342005A90DB /* NewInjuryView.swift in Sources */ = {isa = PBXBuildFile; fileRef = BF6640762B977342005A90DB /* NewInjuryView.swift */; };
		BF6640792B9776B8005A90DB /* StartView.swift in Sources */ = {isa = PBXBuildFile; fileRef = BF6640782B9776B8005A90DB /* StartView.swift */; };
		BF66407B2B977754005A90DB /* NewInjuryViewModel.swift in Sources */ = {isa = PBXBuildFile; fileRef = BF66407A2B977754005A90DB /* NewInjuryViewModel.swift */; };
		BF66407E2B977BA8005A90DB /* StartViewModel.swift in Sources */ = {isa = PBXBuildFile; fileRef = BF66407D2B977BA8005A90DB /* StartViewModel.swift */; };
		BF6640862B979FBC005A90DB /* Patient.swift in Sources */ = {isa = PBXBuildFile; fileRef = BF6640852B979FBC005A90DB /* Patient.swift */; };
		BF6640892B97AE56005A90DB /* PatientView.swift in Sources */ = {isa = PBXBuildFile; fileRef = BF6640882B97AE56005A90DB /* PatientView.swift */; };
		BF66408B2B97B1D3005A90DB /* PatientViewModel.swift in Sources */ = {isa = PBXBuildFile; fileRef = BF66408A2B97B1D3005A90DB /* PatientViewModel.swift */; };
		BF76823D2BBBE9820020742A /* CameraView.swift in Sources */ = {isa = PBXBuildFile; fileRef = BF76823C2BBBE9820020742A /* CameraView.swift */; };
		BF83618B2BD82E3D007015BF /* Property List.plist in Resources */ = {isa = PBXBuildFile; fileRef = BF83618A2BD82E3D007015BF /* Property List.plist */; };
		BFC52ED52BA74EC6000D7782 /* InjuryRowView.swift in Sources */ = {isa = PBXBuildFile; fileRef = BFC52ED42BA74EC6000D7782 /* InjuryRowView.swift */; };
		BFC52ED82BA74F23000D7782 /* InjuryRowViewModel.swift in Sources */ = {isa = PBXBuildFile; fileRef = BFC52ED72BA74F23000D7782 /* InjuryRowViewModel.swift */; };
		BFC52EDA2BA74F9A000D7782 /* Injury.swift in Sources */ = {isa = PBXBuildFile; fileRef = BFC52ED92BA74F9A000D7782 /* Injury.swift */; };
		BFC52EDF2BA75107000D7782 /* ButtonDS.swift in Sources */ = {isa = PBXBuildFile; fileRef = BFC52EDB2BA75107000D7782 /* ButtonDS.swift */; };
		BFC52EE02BA75107000D7782 /* Radius.swift in Sources */ = {isa = PBXBuildFile; fileRef = BFC52EDC2BA75107000D7782 /* Radius.swift */; };
		BFC52EE12BA75107000D7782 /* Spacing.swift in Sources */ = {isa = PBXBuildFile; fileRef = BFC52EDD2BA75107000D7782 /* Spacing.swift */; };
		BFC52EE42BA752A5000D7782 /* InjuryListViewModel.swift in Sources */ = {isa = PBXBuildFile; fileRef = BFC52EE32BA752A5000D7782 /* InjuryListViewModel.swift */; };
		BFC52EE62BA752B5000D7782 /* InjuryListView.swift in Sources */ = {isa = PBXBuildFile; fileRef = BFC52EE52BA752B5000D7782 /* InjuryListView.swift */; };
		BFC52EE92BA75367000D7782 /* LoadingView.swift in Sources */ = {isa = PBXBuildFile; fileRef = BFC52EE82BA75367000D7782 /* LoadingView.swift */; };
		BFCF07FE2BEA0C6C0035C5A5 /* Drawing.swift in Sources */ = {isa = PBXBuildFile; fileRef = BFCF07FD2BEA0C6C0035C5A5 /* Drawing.swift */; };
		BFFA97DA2BBC5887009ED83B /* MainView.swift in Sources */ = {isa = PBXBuildFile; fileRef = BFFA97D92BBC5887009ED83B /* MainView.swift */; };
		BFFA97DC2BBC58B7009ED83B /* MainViewModel.swift in Sources */ = {isa = PBXBuildFile; fileRef = BFFA97DB2BBC58B7009ED83B /* MainViewModel.swift */; };
		BFFFC58F2BE8CBCC00780FCF /* Conditions.swift in Sources */ = {isa = PBXBuildFile; fileRef = BFFFC58E2BE8CBCC00780FCF /* Conditions.swift */; };
		FE5C87402BC3FFC80054C6B5 /* InjuryPhase.swift in Sources */ = {isa = PBXBuildFile; fileRef = FE5C873F2BC3FFC80054C6B5 /* InjuryPhase.swift */; };
		FE5C87452BC400350054C6B5 /* PatientService.swift in Sources */ = {isa = PBXBuildFile; fileRef = FE5C87442BC400350054C6B5 /* PatientService.swift */; };
		FE5C87492BC400B90054C6B5 /* BarcodeScannerViewController.swift in Sources */ = {isa = PBXBuildFile; fileRef = FE5C87482BC400B90054C6B5 /* BarcodeScannerViewController.swift */; };
		FE5C874C2BC401880054C6B5 /* NewPatientView.swift in Sources */ = {isa = PBXBuildFile; fileRef = FE5C874B2BC401880054C6B5 /* NewPatientView.swift */; };
		FE6049862BC3FEE700ADD8C2 /* AppState.swift in Sources */ = {isa = PBXBuildFile; fileRef = FE6049852BC3FEE700ADD8C2 /* AppState.swift */; };
		FE77152F2BC57B4E005E9401 /* CanvasView.swift in Sources */ = {isa = PBXBuildFile; fileRef = FE77152E2BC57B4E005E9401 /* CanvasView.swift */; };
		FEC8BAE82BD4F2EC00566FE0 /* InjuryPhaseListView.swift in Sources */ = {isa = PBXBuildFile; fileRef = FEC8BAE72BD4F2EC00566FE0 /* InjuryPhaseListView.swift */; };
		FEC8BAEB2BD4F31900566FE0 /* InjuryPhaseListViewModel.swift in Sources */ = {isa = PBXBuildFile; fileRef = FEC8BAEA2BD4F31900566FE0 /* InjuryPhaseListViewModel.swift */; };
		FEC8BAF02BD4FBFA00566FE0 /* InjuryPhaseDTO.swift in Sources */ = {isa = PBXBuildFile; fileRef = FEC8BAEF2BD4FBFA00566FE0 /* InjuryPhaseDTO.swift */; };
		FEFE7DF32BD3BE1F0029B583 /* InjuryPhaseService.swift in Sources */ = {isa = PBXBuildFile; fileRef = FEFE7DF22BD3BE1F0029B583 /* InjuryPhaseService.swift */; };
		FEFE7DF52BD3CF080029B583 /* InjuryRegion.swift in Sources */ = {isa = PBXBuildFile; fileRef = FEFE7DF42BD3CF080029B583 /* InjuryRegion.swift */; };
		FEFE7DF72BD3D1D80029B583 /* InjuryLocation.swift in Sources */ = {isa = PBXBuildFile; fileRef = FEFE7DF62BD3D1D80029B583 /* InjuryLocation.swift */; };
		FEFE7DFA2BD3DBD90029B583 /* NewInjuryPhaseView.swift in Sources */ = {isa = PBXBuildFile; fileRef = FEFE7DF92BD3DBD90029B583 /* NewInjuryPhaseView.swift */; };
		FEFE7DFC2BD3DBEC0029B583 /* NewInjuryPhaseViewModel.swift in Sources */ = {isa = PBXBuildFile; fileRef = FEFE7DFB2BD3DBEC0029B583 /* NewInjuryPhaseViewModel.swift */; };
		FEFE7DFE2BD3E1CC0029B583 /* InjuryService.swift in Sources */ = {isa = PBXBuildFile; fileRef = FEFE7DFD2BD3E1CC0029B583 /* InjuryService.swift */; };
		FEFE7E012BD3E7480029B583 /* AddInjuryRequest.swift in Sources */ = {isa = PBXBuildFile; fileRef = FEFE7E002BD3E7480029B583 /* AddInjuryRequest.swift */; };
/* End PBXBuildFile section */

/* Begin PBXFileReference section */
		BF40305E2BE19B92005449FF /* MeasureView.swift */ = {isa = PBXFileReference; lastKnownFileType = sourcecode.swift; path = MeasureView.swift; sourceTree = "<group>"; };
		BF4EE7842BDD8F2000E721D5 /* InjuryPhaseDetailView.swift */ = {isa = PBXFileReference; lastKnownFileType = sourcecode.swift; path = InjuryPhaseDetailView.swift; sourceTree = "<group>"; };
		BF4EE7862BDD8F7F00E721D5 /* InjuryPhaseDetailViewModel.swift */ = {isa = PBXFileReference; lastKnownFileType = sourcecode.swift; path = InjuryPhaseDetailViewModel.swift; sourceTree = "<group>"; };
		BF4EE7892BDD917100E721D5 /* AnnotatedImageView.swift */ = {isa = PBXFileReference; lastKnownFileType = sourcecode.swift; path = AnnotatedImageView.swift; sourceTree = "<group>"; };
		BF6640642B977284005A90DB /* PressureInjuryTracker.app */ = {isa = PBXFileReference; explicitFileType = wrapper.application; includeInIndex = 0; path = PressureInjuryTracker.app; sourceTree = BUILT_PRODUCTS_DIR; };
		BF6640672B977284005A90DB /* PressureInjuryTrackerApp.swift */ = {isa = PBXFileReference; lastKnownFileType = sourcecode.swift; path = PressureInjuryTrackerApp.swift; sourceTree = "<group>"; };
		BF6640692B977284005A90DB /* BarcodeScanView.swift */ = {isa = PBXFileReference; lastKnownFileType = sourcecode.swift; path = BarcodeScanView.swift; sourceTree = "<group>"; };
		BF66406B2B977285005A90DB /* Assets.xcassets */ = {isa = PBXFileReference; lastKnownFileType = folder.assetcatalog; path = Assets.xcassets; sourceTree = "<group>"; };
		BF66406D2B977285005A90DB /* PressureInjuryTracker.entitlements */ = {isa = PBXFileReference; lastKnownFileType = text.plist.entitlements; path = PressureInjuryTracker.entitlements; sourceTree = "<group>"; };
		BF66406F2B977285005A90DB /* Preview Assets.xcassets */ = {isa = PBXFileReference; lastKnownFileType = folder.assetcatalog; path = "Preview Assets.xcassets"; sourceTree = "<group>"; };
		BF6640762B977342005A90DB /* NewInjuryView.swift */ = {isa = PBXFileReference; lastKnownFileType = sourcecode.swift; path = NewInjuryView.swift; sourceTree = "<group>"; };
		BF6640782B9776B8005A90DB /* StartView.swift */ = {isa = PBXFileReference; lastKnownFileType = sourcecode.swift; path = StartView.swift; sourceTree = "<group>"; };
		BF66407A2B977754005A90DB /* NewInjuryViewModel.swift */ = {isa = PBXFileReference; lastKnownFileType = sourcecode.swift; path = NewInjuryViewModel.swift; sourceTree = "<group>"; };
		BF66407D2B977BA8005A90DB /* StartViewModel.swift */ = {isa = PBXFileReference; lastKnownFileType = sourcecode.swift; path = StartViewModel.swift; sourceTree = "<group>"; };
		BF6640852B979FBC005A90DB /* Patient.swift */ = {isa = PBXFileReference; lastKnownFileType = sourcecode.swift; path = Patient.swift; sourceTree = "<group>"; };
		BF6640882B97AE56005A90DB /* PatientView.swift */ = {isa = PBXFileReference; lastKnownFileType = sourcecode.swift; path = PatientView.swift; sourceTree = "<group>"; };
		BF66408A2B97B1D3005A90DB /* PatientViewModel.swift */ = {isa = PBXFileReference; lastKnownFileType = sourcecode.swift; path = PatientViewModel.swift; sourceTree = "<group>"; };
		BF76823C2BBBE9820020742A /* CameraView.swift */ = {isa = PBXFileReference; lastKnownFileType = sourcecode.swift; path = CameraView.swift; sourceTree = "<group>"; };
		BF83618A2BD82E3D007015BF /* Property List.plist */ = {isa = PBXFileReference; lastKnownFileType = text.plist.xml; path = "Property List.plist"; sourceTree = "<group>"; };
		BFC52ED22BA734B6000D7782 /* Info.plist */ = {isa = PBXFileReference; lastKnownFileType = text.plist; path = Info.plist; sourceTree = "<group>"; };
		BFC52ED42BA74EC6000D7782 /* InjuryRowView.swift */ = {isa = PBXFileReference; lastKnownFileType = sourcecode.swift; path = InjuryRowView.swift; sourceTree = "<group>"; };
		BFC52ED72BA74F23000D7782 /* InjuryRowViewModel.swift */ = {isa = PBXFileReference; lastKnownFileType = sourcecode.swift; path = InjuryRowViewModel.swift; sourceTree = "<group>"; };
		BFC52ED92BA74F9A000D7782 /* Injury.swift */ = {isa = PBXFileReference; lastKnownFileType = sourcecode.swift; path = Injury.swift; sourceTree = "<group>"; };
		BFC52EDB2BA75107000D7782 /* ButtonDS.swift */ = {isa = PBXFileReference; fileEncoding = 4; lastKnownFileType = sourcecode.swift; path = ButtonDS.swift; sourceTree = "<group>"; };
		BFC52EDC2BA75107000D7782 /* Radius.swift */ = {isa = PBXFileReference; fileEncoding = 4; lastKnownFileType = sourcecode.swift; path = Radius.swift; sourceTree = "<group>"; };
		BFC52EDD2BA75107000D7782 /* Spacing.swift */ = {isa = PBXFileReference; fileEncoding = 4; lastKnownFileType = sourcecode.swift; path = Spacing.swift; sourceTree = "<group>"; };
		BFC52EE32BA752A5000D7782 /* InjuryListViewModel.swift */ = {isa = PBXFileReference; lastKnownFileType = sourcecode.swift; path = InjuryListViewModel.swift; sourceTree = "<group>"; };
		BFC52EE52BA752B5000D7782 /* InjuryListView.swift */ = {isa = PBXFileReference; lastKnownFileType = sourcecode.swift; path = InjuryListView.swift; sourceTree = "<group>"; };
		BFC52EE82BA75367000D7782 /* LoadingView.swift */ = {isa = PBXFileReference; lastKnownFileType = sourcecode.swift; path = LoadingView.swift; sourceTree = "<group>"; };
		BFCF07FD2BEA0C6C0035C5A5 /* Drawing.swift */ = {isa = PBXFileReference; lastKnownFileType = sourcecode.swift; path = Drawing.swift; sourceTree = "<group>"; };
		BFFA97D92BBC5887009ED83B /* MainView.swift */ = {isa = PBXFileReference; lastKnownFileType = sourcecode.swift; path = MainView.swift; sourceTree = "<group>"; };
		BFFA97DB2BBC58B7009ED83B /* MainViewModel.swift */ = {isa = PBXFileReference; lastKnownFileType = sourcecode.swift; path = MainViewModel.swift; sourceTree = "<group>"; };
		BFFFC58E2BE8CBCC00780FCF /* Conditions.swift */ = {isa = PBXFileReference; lastKnownFileType = sourcecode.swift; path = Conditions.swift; sourceTree = "<group>"; };
		FE5C873F2BC3FFC80054C6B5 /* InjuryPhase.swift */ = {isa = PBXFileReference; lastKnownFileType = sourcecode.swift; path = InjuryPhase.swift; sourceTree = "<group>"; };
		FE5C87442BC400350054C6B5 /* PatientService.swift */ = {isa = PBXFileReference; lastKnownFileType = sourcecode.swift; path = PatientService.swift; sourceTree = "<group>"; };
		FE5C87482BC400B90054C6B5 /* BarcodeScannerViewController.swift */ = {isa = PBXFileReference; lastKnownFileType = sourcecode.swift; path = BarcodeScannerViewController.swift; sourceTree = "<group>"; };
		FE5C874B2BC401880054C6B5 /* NewPatientView.swift */ = {isa = PBXFileReference; lastKnownFileType = sourcecode.swift; path = NewPatientView.swift; sourceTree = "<group>"; };
		FE6049852BC3FEE700ADD8C2 /* AppState.swift */ = {isa = PBXFileReference; lastKnownFileType = sourcecode.swift; path = AppState.swift; sourceTree = "<group>"; };
		FE77152E2BC57B4E005E9401 /* CanvasView.swift */ = {isa = PBXFileReference; lastKnownFileType = sourcecode.swift; path = CanvasView.swift; sourceTree = "<group>"; };
		FEC8BAE72BD4F2EC00566FE0 /* InjuryPhaseListView.swift */ = {isa = PBXFileReference; lastKnownFileType = sourcecode.swift; path = InjuryPhaseListView.swift; sourceTree = "<group>"; };
		FEC8BAEA2BD4F31900566FE0 /* InjuryPhaseListViewModel.swift */ = {isa = PBXFileReference; lastKnownFileType = sourcecode.swift; path = InjuryPhaseListViewModel.swift; sourceTree = "<group>"; };
		FEC8BAEF2BD4FBFA00566FE0 /* InjuryPhaseDTO.swift */ = {isa = PBXFileReference; lastKnownFileType = sourcecode.swift; path = InjuryPhaseDTO.swift; sourceTree = "<group>"; };
		FEFE7DF22BD3BE1F0029B583 /* InjuryPhaseService.swift */ = {isa = PBXFileReference; lastKnownFileType = sourcecode.swift; path = InjuryPhaseService.swift; sourceTree = "<group>"; };
		FEFE7DF42BD3CF080029B583 /* InjuryRegion.swift */ = {isa = PBXFileReference; lastKnownFileType = sourcecode.swift; path = InjuryRegion.swift; sourceTree = "<group>"; };
		FEFE7DF62BD3D1D80029B583 /* InjuryLocation.swift */ = {isa = PBXFileReference; lastKnownFileType = sourcecode.swift; path = InjuryLocation.swift; sourceTree = "<group>"; };
		FEFE7DF92BD3DBD90029B583 /* NewInjuryPhaseView.swift */ = {isa = PBXFileReference; lastKnownFileType = sourcecode.swift; path = NewInjuryPhaseView.swift; sourceTree = "<group>"; };
		FEFE7DFB2BD3DBEC0029B583 /* NewInjuryPhaseViewModel.swift */ = {isa = PBXFileReference; lastKnownFileType = sourcecode.swift; path = NewInjuryPhaseViewModel.swift; sourceTree = "<group>"; };
		FEFE7DFD2BD3E1CC0029B583 /* InjuryService.swift */ = {isa = PBXFileReference; lastKnownFileType = sourcecode.swift; path = InjuryService.swift; sourceTree = "<group>"; };
		FEFE7E002BD3E7480029B583 /* AddInjuryRequest.swift */ = {isa = PBXFileReference; lastKnownFileType = sourcecode.swift; path = AddInjuryRequest.swift; sourceTree = "<group>"; };
/* End PBXFileReference section */

/* Begin PBXFrameworksBuildPhase section */
		BF6640612B977284005A90DB /* Frameworks */ = {
			isa = PBXFrameworksBuildPhase;
			buildActionMask = 2147483647;
			files = (
			);
			runOnlyForDeploymentPostprocessing = 0;
		};
/* End PBXFrameworksBuildPhase section */

/* Begin PBXGroup section */
		BF40305D2BE19B7A005449FF /* Measure */ = {
			isa = PBXGroup;
			children = (
				BF40305E2BE19B92005449FF /* MeasureView.swift */,
			);
			path = Measure;
			sourceTree = "<group>";
		};
		BF4EE7832BDD8D7F00E721D5 /* InjuryPhaseDetail */ = {
			isa = PBXGroup;
			children = (
				BF4EE7842BDD8F2000E721D5 /* InjuryPhaseDetailView.swift */,
				BF4EE7862BDD8F7F00E721D5 /* InjuryPhaseDetailViewModel.swift */,
			);
			path = InjuryPhaseDetail;
			sourceTree = "<group>";
		};
		BF4EE7882BDD90D200E721D5 /* AnnotatedImage */ = {
			isa = PBXGroup;
			children = (
				BF4EE7892BDD917100E721D5 /* AnnotatedImageView.swift */,
			);
			path = AnnotatedImage;
			sourceTree = "<group>";
		};
		BF66405B2B977284005A90DB = {
			isa = PBXGroup;
			children = (
				BF6640662B977284005A90DB /* PressureInjuryTracker */,
				BF6640652B977284005A90DB /* Products */,
			);
			sourceTree = "<group>";
		};
		BF6640652B977284005A90DB /* Products */ = {
			isa = PBXGroup;
			children = (
				BF6640642B977284005A90DB /* PressureInjuryTracker.app */,
			);
			name = Products;
			sourceTree = "<group>";
		};
		BF6640662B977284005A90DB /* PressureInjuryTracker */ = {
			isa = PBXGroup;
			children = (
				FE5C87412BC400130054C6B5 /* Networking */,
				FE6049842BC3FEDC00ADD8C2 /* Enums */,
				BFC52ED22BA734B6000D7782 /* Info.plist */,
				BF6640672B977284005A90DB /* PressureInjuryTrackerApp.swift */,
				BFC52EDE2BA75107000D7782 /* DesignSystem */,
				BF6640842B979F9B005A90DB /* Model */,
				BF6640832B979F3F005A90DB /* View */,
				BF66406B2B977285005A90DB /* Assets.xcassets */,
				BF66406D2B977285005A90DB /* PressureInjuryTracker.entitlements */,
				BF66406E2B977285005A90DB /* Preview Content */,
				BF83618A2BD82E3D007015BF /* Property List.plist */,
			);
			path = PressureInjuryTracker;
			sourceTree = "<group>";
		};
		BF66406E2B977285005A90DB /* Preview Content */ = {
			isa = PBXGroup;
			children = (
				BF66406F2B977285005A90DB /* Preview Assets.xcassets */,
			);
			path = "Preview Content";
			sourceTree = "<group>";
		};
		BF66407C2B977979005A90DB /* Start */ = {
			isa = PBXGroup;
			children = (
				BF6640782B9776B8005A90DB /* StartView.swift */,
				BF66407D2B977BA8005A90DB /* StartViewModel.swift */,
			);
			path = Start;
			sourceTree = "<group>";
		};
		BF66407F2B977C16005A90DB /* NewInjury */ = {
			isa = PBXGroup;
			children = (
				BF6640762B977342005A90DB /* NewInjuryView.swift */,
				BF66407A2B977754005A90DB /* NewInjuryViewModel.swift */,
			);
			path = NewInjury;
			sourceTree = "<group>";
		};
		BF6640802B977C44005A90DB /* BarcodeScan */ = {
			isa = PBXGroup;
			children = (
				BF6640692B977284005A90DB /* BarcodeScanView.swift */,
				FE5C87482BC400B90054C6B5 /* BarcodeScannerViewController.swift */,
			);
			path = BarcodeScan;
			sourceTree = "<group>";
		};
		BF6640832B979F3F005A90DB /* View */ = {
			isa = PBXGroup;
			children = (
				BF40305D2BE19B7A005449FF /* Measure */,
				BF4EE7882BDD90D200E721D5 /* AnnotatedImage */,
				FEC8BAE92BD4F2F400566FE0 /* InjuryPhaseList */,
				FEFE7DF82BD3DBC30029B583 /* NewInjuryPhase */,
				BF4EE7832BDD8D7F00E721D5 /* InjuryPhaseDetail */,
				FE77152D2BC57B42005E9401 /* Canvas */,
				FE5C874A2BC401720054C6B5 /* NewPatient */,
				BFC52EE72BA75332000D7782 /* UtilView */,
				BF6640872B97AE29005A90DB /* Patient */,
				BF66407C2B977979005A90DB /* Start */,
				BF6640802B977C44005A90DB /* BarcodeScan */,
				BFC52ED32BA74E9F000D7782 /* InjuryRow */,
				BFC52EE22BA7528C000D7782 /* InjuryList */,
				BF66407F2B977C16005A90DB /* NewInjury */,
				BF76823B2BBBE9640020742A /* Camera */,
				BFFA97D82BBC5869009ED83B /* Main */,
			);
			path = View;
			sourceTree = "<group>";
		};
		BF6640842B979F9B005A90DB /* Model */ = {
			isa = PBXGroup;
			children = (
				BF6640852B979FBC005A90DB /* Patient.swift */,
				BFC52ED92BA74F9A000D7782 /* Injury.swift */,
				FE5C873F2BC3FFC80054C6B5 /* InjuryPhase.swift */,
			);
			path = Model;
			sourceTree = "<group>";
		};
		BF6640872B97AE29005A90DB /* Patient */ = {
			isa = PBXGroup;
			children = (
				BF6640882B97AE56005A90DB /* PatientView.swift */,
				BF66408A2B97B1D3005A90DB /* PatientViewModel.swift */,
			);
			path = Patient;
			sourceTree = "<group>";
		};
		BF76823B2BBBE9640020742A /* Camera */ = {
			isa = PBXGroup;
			children = (
				BF76823C2BBBE9820020742A /* CameraView.swift */,
			);
			path = Camera;
			sourceTree = "<group>";
		};
		BFC52ED32BA74E9F000D7782 /* InjuryRow */ = {
			isa = PBXGroup;
			children = (
				BFC52ED42BA74EC6000D7782 /* InjuryRowView.swift */,
				BFC52ED72BA74F23000D7782 /* InjuryRowViewModel.swift */,
			);
			path = InjuryRow;
			sourceTree = "<group>";
		};
		BFC52EDE2BA75107000D7782 /* DesignSystem */ = {
			isa = PBXGroup;
			children = (
				BFC52EDB2BA75107000D7782 /* ButtonDS.swift */,
				BFC52EDC2BA75107000D7782 /* Radius.swift */,
				BFC52EDD2BA75107000D7782 /* Spacing.swift */,
			);
			path = DesignSystem;
			sourceTree = "<group>";
		};
		BFC52EE22BA7528C000D7782 /* InjuryList */ = {
			isa = PBXGroup;
			children = (
				BFC52EE52BA752B5000D7782 /* InjuryListView.swift */,
				BFC52EE32BA752A5000D7782 /* InjuryListViewModel.swift */,
			);
			path = InjuryList;
			sourceTree = "<group>";
		};
		BFC52EE72BA75332000D7782 /* UtilView */ = {
			isa = PBXGroup;
			children = (
				BFC52EE82BA75367000D7782 /* LoadingView.swift */,
			);
			path = UtilView;
			sourceTree = "<group>";
		};
		BFFA97D82BBC5869009ED83B /* Main */ = {
			isa = PBXGroup;
			children = (
				BFFA97D92BBC5887009ED83B /* MainView.swift */,
				BFFA97DB2BBC58B7009ED83B /* MainViewModel.swift */,
			);
			path = Main;
			sourceTree = "<group>";
		};
		FE5C87412BC400130054C6B5 /* Networking */ = {
			isa = PBXGroup;
			children = (
				FEC8BAEE2BD4FBEC00566FE0 /* DTOs */,
				FEFE7DFF2BD3E7340029B583 /* Requests */,
				FE5C87422BC4001D0054C6B5 /* Service */,
			);
			path = Networking;
			sourceTree = "<group>";
		};
		FE5C87422BC4001D0054C6B5 /* Service */ = {
			isa = PBXGroup;
			children = (
				FE5C87442BC400350054C6B5 /* PatientService.swift */,
				FEFE7DF22BD3BE1F0029B583 /* InjuryPhaseService.swift */,
				FEFE7DFD2BD3E1CC0029B583 /* InjuryService.swift */,
			);
			path = Service;
			sourceTree = "<group>";
		};
		FE5C874A2BC401720054C6B5 /* NewPatient */ = {
			isa = PBXGroup;
			children = (
				FE5C874B2BC401880054C6B5 /* NewPatientView.swift */,
			);
			path = NewPatient;
			sourceTree = "<group>";
		};
		FE6049842BC3FEDC00ADD8C2 /* Enums */ = {
			isa = PBXGroup;
			children = (
				FE6049852BC3FEE700ADD8C2 /* AppState.swift */,
				FEFE7DF42BD3CF080029B583 /* InjuryRegion.swift */,
				FEFE7DF62BD3D1D80029B583 /* InjuryLocation.swift */,
				BFFFC58E2BE8CBCC00780FCF /* Conditions.swift */,
			);
			path = Enums;
			sourceTree = "<group>";
		};
		FE77152D2BC57B42005E9401 /* Canvas */ = {
			isa = PBXGroup;
			children = (
				FE77152E2BC57B4E005E9401 /* CanvasView.swift */,
			);
			path = Canvas;
			sourceTree = "<group>";
		};
		FEC8BAE92BD4F2F400566FE0 /* InjuryPhaseList */ = {
			isa = PBXGroup;
			children = (
				FEC8BAE72BD4F2EC00566FE0 /* InjuryPhaseListView.swift */,
				FEC8BAEA2BD4F31900566FE0 /* InjuryPhaseListViewModel.swift */,
			);
			path = InjuryPhaseList;
			sourceTree = "<group>";
		};
		FEC8BAEE2BD4FBEC00566FE0 /* DTOs */ = {
			isa = PBXGroup;
			children = (
				FEC8BAEF2BD4FBFA00566FE0 /* InjuryPhaseDTO.swift */,
				BFCF07FD2BEA0C6C0035C5A5 /* Drawing.swift */,
			);
			path = DTOs;
			sourceTree = "<group>";
		};
		FEFE7DF82BD3DBC30029B583 /* NewInjuryPhase */ = {
			isa = PBXGroup;
			children = (
				FEFE7DF92BD3DBD90029B583 /* NewInjuryPhaseView.swift */,
				FEFE7DFB2BD3DBEC0029B583 /* NewInjuryPhaseViewModel.swift */,
			);
			path = NewInjuryPhase;
			sourceTree = "<group>";
		};
		FEFE7DFF2BD3E7340029B583 /* Requests */ = {
			isa = PBXGroup;
			children = (
				FEFE7E002BD3E7480029B583 /* AddInjuryRequest.swift */,
			);
			path = Requests;
			sourceTree = "<group>";
		};
/* End PBXGroup section */

/* Begin PBXNativeTarget section */
		BF6640632B977284005A90DB /* PressureInjuryTracker */ = {
			isa = PBXNativeTarget;
			buildConfigurationList = BF6640732B977285005A90DB /* Build configuration list for PBXNativeTarget "PressureInjuryTracker" */;
			buildPhases = (
				BF6640602B977284005A90DB /* Sources */,
				BF6640612B977284005A90DB /* Frameworks */,
				BF6640622B977284005A90DB /* Resources */,
			);
			buildRules = (
			);
			dependencies = (
			);
			name = PressureInjuryTracker;
			productName = PressureInjuryTracker;
			productReference = BF6640642B977284005A90DB /* PressureInjuryTracker.app */;
			productType = "com.apple.product-type.application";
		};
/* End PBXNativeTarget section */

/* Begin PBXProject section */
		BF66405C2B977284005A90DB /* Project object */ = {
			isa = PBXProject;
			attributes = {
				BuildIndependentTargetsInParallel = 1;
				LastSwiftUpdateCheck = 1520;
				LastUpgradeCheck = 1530;
				TargetAttributes = {
					BF6640632B977284005A90DB = {
						CreatedOnToolsVersion = 15.2;
					};
				};
			};
			buildConfigurationList = BF66405F2B977284005A90DB /* Build configuration list for PBXProject "PressureInjuryTracker" */;
			compatibilityVersion = "Xcode 14.0";
			developmentRegion = en;
			hasScannedForEncodings = 0;
			knownRegions = (
				en,
				Base,
			);
			mainGroup = BF66405B2B977284005A90DB;
			productRefGroup = BF6640652B977284005A90DB /* Products */;
			projectDirPath = "";
			projectRoot = "";
			targets = (
				BF6640632B977284005A90DB /* PressureInjuryTracker */,
			);
		};
/* End PBXProject section */

/* Begin PBXResourcesBuildPhase section */
		BF6640622B977284005A90DB /* Resources */ = {
			isa = PBXResourcesBuildPhase;
			buildActionMask = 2147483647;
			files = (
				BF83618B2BD82E3D007015BF /* Property List.plist in Resources */,
				BF6640702B977285005A90DB /* Preview Assets.xcassets in Resources */,
				BF66406C2B977285005A90DB /* Assets.xcassets in Resources */,
			);
			runOnlyForDeploymentPostprocessing = 0;
		};
/* End PBXResourcesBuildPhase section */

/* Begin PBXSourcesBuildPhase section */
		BF6640602B977284005A90DB /* Sources */ = {
			isa = PBXSourcesBuildPhase;
			buildActionMask = 2147483647;
			files = (
				FEFE7E012BD3E7480029B583 /* AddInjuryRequest.swift in Sources */,
				FEFE7DFC2BD3DBEC0029B583 /* NewInjuryPhaseViewModel.swift in Sources */,
				BFC52EDA2BA74F9A000D7782 /* Injury.swift in Sources */,
				FEC8BAEB2BD4F31900566FE0 /* InjuryPhaseListViewModel.swift in Sources */,
				BF6640892B97AE56005A90DB /* PatientView.swift in Sources */,
				FEFE7DF52BD3CF080029B583 /* InjuryRegion.swift in Sources */,
				BFC52EE12BA75107000D7782 /* Spacing.swift in Sources */,
				BF6640772B977342005A90DB /* NewInjuryView.swift in Sources */,
				BF4EE7852BDD8F2000E721D5 /* InjuryPhaseDetailView.swift in Sources */,
				BF4EE7872BDD8F7F00E721D5 /* InjuryPhaseDetailViewModel.swift in Sources */,
				BF40305F2BE19B92005449FF /* MeasureView.swift in Sources */,
				BFC52ED82BA74F23000D7782 /* InjuryRowViewModel.swift in Sources */,
				BFFFC58F2BE8CBCC00780FCF /* Conditions.swift in Sources */,
				FEFE7DFA2BD3DBD90029B583 /* NewInjuryPhaseView.swift in Sources */,
				FE5C874C2BC401880054C6B5 /* NewPatientView.swift in Sources */,
				BFC52ED52BA74EC6000D7782 /* InjuryRowView.swift in Sources */,
				BFC52EDF2BA75107000D7782 /* ButtonDS.swift in Sources */,
				BF66407E2B977BA8005A90DB /* StartViewModel.swift in Sources */,
				BF66407B2B977754005A90DB /* NewInjuryViewModel.swift in Sources */,
				BF66408B2B97B1D3005A90DB /* PatientViewModel.swift in Sources */,
				FE5C87492BC400B90054C6B5 /* BarcodeScannerViewController.swift in Sources */,
				BFCF07FE2BEA0C6C0035C5A5 /* Drawing.swift in Sources */,
				BFC52EE62BA752B5000D7782 /* InjuryListView.swift in Sources */,
				FEFE7DF32BD3BE1F0029B583 /* InjuryPhaseService.swift in Sources */,
				FE5C87402BC3FFC80054C6B5 /* InjuryPhase.swift in Sources */,
				FEC8BAE82BD4F2EC00566FE0 /* InjuryPhaseListView.swift in Sources */,
				BF4EE78A2BDD917100E721D5 /* AnnotatedImageView.swift in Sources */,
				BF66406A2B977284005A90DB /* BarcodeScanView.swift in Sources */,
				FE5C87452BC400350054C6B5 /* PatientService.swift in Sources */,
				FEFE7DFE2BD3E1CC0029B583 /* InjuryService.swift in Sources */,
				BF6640862B979FBC005A90DB /* Patient.swift in Sources */,
				FE77152F2BC57B4E005E9401 /* CanvasView.swift in Sources */,
				BFFA97DA2BBC5887009ED83B /* MainView.swift in Sources */,
				FEC8BAF02BD4FBFA00566FE0 /* InjuryPhaseDTO.swift in Sources */,
				BFFA97DC2BBC58B7009ED83B /* MainViewModel.swift in Sources */,
				BF76823D2BBBE9820020742A /* CameraView.swift in Sources */,
				BFC52EE02BA75107000D7782 /* Radius.swift in Sources */,
				FE6049862BC3FEE700ADD8C2 /* AppState.swift in Sources */,
				BFC52EE42BA752A5000D7782 /* InjuryListViewModel.swift in Sources */,
				BF6640682B977284005A90DB /* PressureInjuryTrackerApp.swift in Sources */,
				BF6640792B9776B8005A90DB /* StartView.swift in Sources */,
				BFC52EE92BA75367000D7782 /* LoadingView.swift in Sources */,
				FEFE7DF72BD3D1D80029B583 /* InjuryLocation.swift in Sources */,
			);
			runOnlyForDeploymentPostprocessing = 0;
		};
/* End PBXSourcesBuildPhase section */

/* Begin XCBuildConfiguration section */
		BF6640712B977285005A90DB /* Debug */ = {
			isa = XCBuildConfiguration;
			buildSettings = {
				ALWAYS_SEARCH_USER_PATHS = NO;
				ASSETCATALOG_COMPILER_GENERATE_SWIFT_ASSET_SYMBOL_EXTENSIONS = YES;
				CLANG_ANALYZER_NONNULL = YES;
				CLANG_ANALYZER_NUMBER_OBJECT_CONVERSION = YES_AGGRESSIVE;
				CLANG_CXX_LANGUAGE_STANDARD = "gnu++20";
				CLANG_ENABLE_MODULES = YES;
				CLANG_ENABLE_OBJC_ARC = YES;
				CLANG_ENABLE_OBJC_WEAK = YES;
				CLANG_WARN_BLOCK_CAPTURE_AUTORELEASING = YES;
				CLANG_WARN_BOOL_CONVERSION = YES;
				CLANG_WARN_COMMA = YES;
				CLANG_WARN_CONSTANT_CONVERSION = YES;
				CLANG_WARN_DEPRECATED_OBJC_IMPLEMENTATIONS = YES;
				CLANG_WARN_DIRECT_OBJC_ISA_USAGE = YES_ERROR;
				CLANG_WARN_DOCUMENTATION_COMMENTS = YES;
				CLANG_WARN_EMPTY_BODY = YES;
				CLANG_WARN_ENUM_CONVERSION = YES;
				CLANG_WARN_INFINITE_RECURSION = YES;
				CLANG_WARN_INT_CONVERSION = YES;
				CLANG_WARN_NON_LITERAL_NULL_CONVERSION = YES;
				CLANG_WARN_OBJC_IMPLICIT_RETAIN_SELF = YES;
				CLANG_WARN_OBJC_LITERAL_CONVERSION = YES;
				CLANG_WARN_OBJC_ROOT_CLASS = YES_ERROR;
				CLANG_WARN_QUOTED_INCLUDE_IN_FRAMEWORK_HEADER = YES;
				CLANG_WARN_RANGE_LOOP_ANALYSIS = YES;
				CLANG_WARN_STRICT_PROTOTYPES = YES;
				CLANG_WARN_SUSPICIOUS_MOVE = YES;
				CLANG_WARN_UNGUARDED_AVAILABILITY = YES_AGGRESSIVE;
				CLANG_WARN_UNREACHABLE_CODE = YES;
				CLANG_WARN__DUPLICATE_METHOD_MATCH = YES;
				COPY_PHASE_STRIP = NO;
				DEAD_CODE_STRIPPING = YES;
				DEBUG_INFORMATION_FORMAT = dwarf;
				ENABLE_STRICT_OBJC_MSGSEND = YES;
				ENABLE_TESTABILITY = YES;
				ENABLE_USER_SCRIPT_SANDBOXING = YES;
				GCC_C_LANGUAGE_STANDARD = gnu17;
				GCC_DYNAMIC_NO_PIC = NO;
				GCC_NO_COMMON_BLOCKS = YES;
				GCC_OPTIMIZATION_LEVEL = 0;
				GCC_PREPROCESSOR_DEFINITIONS = (
					"DEBUG=1",
					"$(inherited)",
				);
				GCC_WARN_64_TO_32_BIT_CONVERSION = YES;
				GCC_WARN_ABOUT_RETURN_TYPE = YES_ERROR;
				GCC_WARN_UNDECLARED_SELECTOR = YES;
				GCC_WARN_UNINITIALIZED_AUTOS = YES_AGGRESSIVE;
				GCC_WARN_UNUSED_FUNCTION = YES;
				GCC_WARN_UNUSED_VARIABLE = YES;
				LOCALIZATION_PREFERS_STRING_CATALOGS = YES;
				MTL_ENABLE_DEBUG_INFO = INCLUDE_SOURCE;
				MTL_FAST_MATH = YES;
				ONLY_ACTIVE_ARCH = YES;
				SWIFT_ACTIVE_COMPILATION_CONDITIONS = "DEBUG $(inherited)";
				SWIFT_OPTIMIZATION_LEVEL = "-Onone";
			};
			name = Debug;
		};
		BF6640722B977285005A90DB /* Release */ = {
			isa = XCBuildConfiguration;
			buildSettings = {
				ALWAYS_SEARCH_USER_PATHS = NO;
				ASSETCATALOG_COMPILER_GENERATE_SWIFT_ASSET_SYMBOL_EXTENSIONS = YES;
				CLANG_ANALYZER_NONNULL = YES;
				CLANG_ANALYZER_NUMBER_OBJECT_CONVERSION = YES_AGGRESSIVE;
				CLANG_CXX_LANGUAGE_STANDARD = "gnu++20";
				CLANG_ENABLE_MODULES = YES;
				CLANG_ENABLE_OBJC_ARC = YES;
				CLANG_ENABLE_OBJC_WEAK = YES;
				CLANG_WARN_BLOCK_CAPTURE_AUTORELEASING = YES;
				CLANG_WARN_BOOL_CONVERSION = YES;
				CLANG_WARN_COMMA = YES;
				CLANG_WARN_CONSTANT_CONVERSION = YES;
				CLANG_WARN_DEPRECATED_OBJC_IMPLEMENTATIONS = YES;
				CLANG_WARN_DIRECT_OBJC_ISA_USAGE = YES_ERROR;
				CLANG_WARN_DOCUMENTATION_COMMENTS = YES;
				CLANG_WARN_EMPTY_BODY = YES;
				CLANG_WARN_ENUM_CONVERSION = YES;
				CLANG_WARN_INFINITE_RECURSION = YES;
				CLANG_WARN_INT_CONVERSION = YES;
				CLANG_WARN_NON_LITERAL_NULL_CONVERSION = YES;
				CLANG_WARN_OBJC_IMPLICIT_RETAIN_SELF = YES;
				CLANG_WARN_OBJC_LITERAL_CONVERSION = YES;
				CLANG_WARN_OBJC_ROOT_CLASS = YES_ERROR;
				CLANG_WARN_QUOTED_INCLUDE_IN_FRAMEWORK_HEADER = YES;
				CLANG_WARN_RANGE_LOOP_ANALYSIS = YES;
				CLANG_WARN_STRICT_PROTOTYPES = YES;
				CLANG_WARN_SUSPICIOUS_MOVE = YES;
				CLANG_WARN_UNGUARDED_AVAILABILITY = YES_AGGRESSIVE;
				CLANG_WARN_UNREACHABLE_CODE = YES;
				CLANG_WARN__DUPLICATE_METHOD_MATCH = YES;
				COPY_PHASE_STRIP = NO;
				DEAD_CODE_STRIPPING = YES;
				DEBUG_INFORMATION_FORMAT = "dwarf-with-dsym";
				ENABLE_NS_ASSERTIONS = NO;
				ENABLE_STRICT_OBJC_MSGSEND = YES;
				ENABLE_USER_SCRIPT_SANDBOXING = YES;
				GCC_C_LANGUAGE_STANDARD = gnu17;
				GCC_NO_COMMON_BLOCKS = YES;
				GCC_WARN_64_TO_32_BIT_CONVERSION = YES;
				GCC_WARN_ABOUT_RETURN_TYPE = YES_ERROR;
				GCC_WARN_UNDECLARED_SELECTOR = YES;
				GCC_WARN_UNINITIALIZED_AUTOS = YES_AGGRESSIVE;
				GCC_WARN_UNUSED_FUNCTION = YES;
				GCC_WARN_UNUSED_VARIABLE = YES;
				LOCALIZATION_PREFERS_STRING_CATALOGS = YES;
				MTL_ENABLE_DEBUG_INFO = NO;
				MTL_FAST_MATH = YES;
				SWIFT_COMPILATION_MODE = wholemodule;
			};
			name = Release;
		};
		BF6640742B977285005A90DB /* Debug */ = {
			isa = XCBuildConfiguration;
			buildSettings = {
				ASSETCATALOG_COMPILER_APPICON_NAME = AppIcon;
				ASSETCATALOG_COMPILER_GLOBAL_ACCENT_COLOR_NAME = AccentColor;
				CODE_SIGN_ENTITLEMENTS = PressureInjuryTracker/PressureInjuryTracker.entitlements;
				CODE_SIGN_STYLE = Automatic;
				CURRENT_PROJECT_VERSION = 1;
				DEAD_CODE_STRIPPING = YES;
				DEVELOPMENT_ASSET_PATHS = "\"PressureInjuryTracker/Preview Content\"";
				DEVELOPMENT_TEAM = M6Q3PF4L84;
				ENABLE_PREVIEWS = YES;
				GENERATE_INFOPLIST_FILE = YES;
				INFOPLIST_FILE = PressureInjuryTracker/Info.plist;
				INFOPLIST_KEY_CFBundleDisplayName = "Yara Takibi";
				INFOPLIST_KEY_LSApplicationCategoryType = "public.app-category.medical";
				INFOPLIST_KEY_NSCameraUsageDescription = "Kamera erişimine izin veriniz.";
				"INFOPLIST_KEY_UIApplicationSceneManifest_Generation[sdk=iphoneos*]" = YES;
				"INFOPLIST_KEY_UIApplicationSceneManifest_Generation[sdk=iphonesimulator*]" = YES;
				"INFOPLIST_KEY_UIApplicationSupportsIndirectInputEvents[sdk=iphoneos*]" = YES;
				"INFOPLIST_KEY_UIApplicationSupportsIndirectInputEvents[sdk=iphonesimulator*]" = YES;
				"INFOPLIST_KEY_UILaunchScreen_Generation[sdk=iphoneos*]" = YES;
				"INFOPLIST_KEY_UILaunchScreen_Generation[sdk=iphonesimulator*]" = YES;
				"INFOPLIST_KEY_UIStatusBarStyle[sdk=iphoneos*]" = UIStatusBarStyleDefault;
				"INFOPLIST_KEY_UIStatusBarStyle[sdk=iphonesimulator*]" = UIStatusBarStyleDefault;
				INFOPLIST_KEY_UISupportedInterfaceOrientations_iPad = "UIInterfaceOrientationPortrait UIInterfaceOrientationPortraitUpsideDown UIInterfaceOrientationLandscapeLeft UIInterfaceOrientationLandscapeRight";
				INFOPLIST_KEY_UISupportedInterfaceOrientations_iPhone = "UIInterfaceOrientationPortrait UIInterfaceOrientationLandscapeLeft UIInterfaceOrientationLandscapeRight";
				IPHONEOS_DEPLOYMENT_TARGET = 17.2;
				LD_RUNPATH_SEARCH_PATHS = "@executable_path/Frameworks";
				"LD_RUNPATH_SEARCH_PATHS[sdk=macosx*]" = "@executable_path/../Frameworks";
				MACOSX_DEPLOYMENT_TARGET = 14.2;
				MARKETING_VERSION = 1.0;
				PRODUCT_BUNDLE_IDENTIFIER = bakcaciahmet.PressureInjuryTracker;
				PRODUCT_NAME = "$(TARGET_NAME)";
				SDKROOT = auto;
				SUPPORTED_PLATFORMS = "iphoneos iphonesimulator macosx";
				SWIFT_EMIT_LOC_STRINGS = YES;
				SWIFT_VERSION = 5.0;
				TARGETED_DEVICE_FAMILY = "1,2";
			};
			name = Debug;
		};
		BF6640752B977285005A90DB /* Release */ = {
			isa = XCBuildConfiguration;
			buildSettings = {
				ASSETCATALOG_COMPILER_APPICON_NAME = AppIcon;
				ASSETCATALOG_COMPILER_GLOBAL_ACCENT_COLOR_NAME = AccentColor;
				CODE_SIGN_ENTITLEMENTS = PressureInjuryTracker/PressureInjuryTracker.entitlements;
				CODE_SIGN_STYLE = Automatic;
				CURRENT_PROJECT_VERSION = 1;
				DEAD_CODE_STRIPPING = YES;
				DEVELOPMENT_ASSET_PATHS = "\"PressureInjuryTracker/Preview Content\"";
				DEVELOPMENT_TEAM = M6Q3PF4L84;
				ENABLE_PREVIEWS = YES;
				GENERATE_INFOPLIST_FILE = YES;
				INFOPLIST_FILE = PressureInjuryTracker/Info.plist;
				INFOPLIST_KEY_CFBundleDisplayName = "Yara Takibi";
				INFOPLIST_KEY_LSApplicationCategoryType = "public.app-category.medical";
				INFOPLIST_KEY_NSCameraUsageDescription = "Kamera erişimine izin veriniz.";
				"INFOPLIST_KEY_UIApplicationSceneManifest_Generation[sdk=iphoneos*]" = YES;
				"INFOPLIST_KEY_UIApplicationSceneManifest_Generation[sdk=iphonesimulator*]" = YES;
				"INFOPLIST_KEY_UIApplicationSupportsIndirectInputEvents[sdk=iphoneos*]" = YES;
				"INFOPLIST_KEY_UIApplicationSupportsIndirectInputEvents[sdk=iphonesimulator*]" = YES;
				"INFOPLIST_KEY_UILaunchScreen_Generation[sdk=iphoneos*]" = YES;
				"INFOPLIST_KEY_UILaunchScreen_Generation[sdk=iphonesimulator*]" = YES;
				"INFOPLIST_KEY_UIStatusBarStyle[sdk=iphoneos*]" = UIStatusBarStyleDefault;
				"INFOPLIST_KEY_UIStatusBarStyle[sdk=iphonesimulator*]" = UIStatusBarStyleDefault;
				INFOPLIST_KEY_UISupportedInterfaceOrientations_iPad = "UIInterfaceOrientationPortrait UIInterfaceOrientationPortraitUpsideDown UIInterfaceOrientationLandscapeLeft UIInterfaceOrientationLandscapeRight";
				INFOPLIST_KEY_UISupportedInterfaceOrientations_iPhone = "UIInterfaceOrientationPortrait UIInterfaceOrientationLandscapeLeft UIInterfaceOrientationLandscapeRight";
				IPHONEOS_DEPLOYMENT_TARGET = 17.2;
				LD_RUNPATH_SEARCH_PATHS = "@executable_path/Frameworks";
				"LD_RUNPATH_SEARCH_PATHS[sdk=macosx*]" = "@executable_path/../Frameworks";
				MACOSX_DEPLOYMENT_TARGET = 14.2;
				MARKETING_VERSION = 1.0;
				PRODUCT_BUNDLE_IDENTIFIER = bakcaciahmet.PressureInjuryTracker;
				PRODUCT_NAME = "$(TARGET_NAME)";
				SDKROOT = auto;
				SUPPORTED_PLATFORMS = "iphoneos iphonesimulator macosx";
				SWIFT_EMIT_LOC_STRINGS = YES;
				SWIFT_VERSION = 5.0;
				TARGETED_DEVICE_FAMILY = "1,2";
			};
			name = Release;
		};
/* End XCBuildConfiguration section */

/* Begin XCConfigurationList section */
		BF66405F2B977284005A90DB /* Build configuration list for PBXProject "PressureInjuryTracker" */ = {
			isa = XCConfigurationList;
			buildConfigurations = (
				BF6640712B977285005A90DB /* Debug */,
				BF6640722B977285005A90DB /* Release */,
			);
			defaultConfigurationIsVisible = 0;
			defaultConfigurationName = Release;
		};
		BF6640732B977285005A90DB /* Build configuration list for PBXNativeTarget "PressureInjuryTracker" */ = {
			isa = XCConfigurationList;
			buildConfigurations = (
				BF6640742B977285005A90DB /* Debug */,
				BF6640752B977285005A90DB /* Release */,
			);
			defaultConfigurationIsVisible = 0;
			defaultConfigurationName = Release;
		};
/* End XCConfigurationList section */
	};
	rootObject = BF66405C2B977284005A90DB /* Project object */;
}
